{
    "_meta": {
        "hash": {
            "sha256": "0dad4aa1c6910573ce7202950e21c6fb823f8161ae71660d2ab726eb394f232e"
        },
        "pipfile-spec": 6,
        "requires": {
            "python_version": "3.6"
        },
        "sources": [
            {
                "name": "pypi",
                "url": "https://pypi.org/simple",
                "verify_ssl": true
            }
        ]
    },
    "default": {
        "greenlet": {
            "hashes": [
                "sha256:03f28a5ea20201e70ab70518d151116ce939b412961c33827519ce620957d44c",
                "sha256:06d7ac89e6094a0a8f8dc46aa61898e9e1aec79b0f8b47b2400dd51a44dbc832",
                "sha256:06ecb43b04480e6bafc45cb1b4b67c785e183ce12c079473359e04a709333b08",
                "sha256:096cb0217d1505826ba3d723e8981096f2622cde1eb91af9ed89a17c10aa1f3e",
                "sha256:0c557c809eeee215b87e8a7cbfb2d783fb5598a78342c29ade561440abae7d22",
                "sha256:0de64d419b1cb1bfd4ea544bedea4b535ef3ae1e150b0f2609da14bbf48a4a5f",
                "sha256:14927b15c953f8f2d2a8dffa224aa78d7759ef95284d4c39e1745cf36e8cdd2c",
                "sha256:16183fa53bc1a037c38d75fdc59d6208181fa28024a12a7f64bb0884434c91ea",
                "sha256:206295d270f702bc27dbdbd7651e8ebe42d319139e0d90217b2074309a200da8",
                "sha256:22002259e5b7828b05600a762579fa2f8b33373ad95a0ee57b4d6109d0e589ad",
                "sha256:2325123ff3a8ecc10ca76f062445efef13b6cf5a23389e2df3c02a4a527b89bc",
                "sha256:258f9612aba0d06785143ee1cbf2d7361801c95489c0bd10c69d163ec5254a16",
                "sha256:3096286a6072553b5dbd5efbefc22297e9d06a05ac14ba017233fedaed7584a8",
                "sha256:3d13da093d44dee7535b91049e44dd2b5540c2a0e15df168404d3dd2626e0ec5",
                "sha256:408071b64e52192869129a205e5b463abda36eff0cebb19d6e63369440e4dc99",
                "sha256:598bcfd841e0b1d88e32e6a5ea48348a2c726461b05ff057c1b8692be9443c6e",
                "sha256:5d928e2e3c3906e0a29b43dc26d9b3d6e36921eee276786c4e7ad9ff5665c78a",
                "sha256:5f75e7f237428755d00e7460239a2482fa7e3970db56c8935bd60da3f0733e56",
                "sha256:60848099b76467ef09b62b0f4512e7e6f0a2c977357a036de602b653667f5f4c",
                "sha256:6b1d08f2e7f2048d77343279c4d4faa7aef168b3e36039cba1917fffb781a8ed",
                "sha256:70bd1bb271e9429e2793902dfd194b653221904a07cbf207c3139e2672d17959",
                "sha256:76ed710b4e953fc31c663b079d317c18f40235ba2e3d55f70ff80794f7b57922",
                "sha256:7920e3eccd26b7f4c661b746002f5ec5f0928076bd738d38d894bb359ce51927",
                "sha256:7db68f15486d412b8e2cfcd584bf3b3a000911d25779d081cbbae76d71bd1a7e",
                "sha256:8833e27949ea32d27f7e96930fa29404dd4f2feb13cce483daf52e8842ec246a",
                "sha256:944fbdd540712d5377a8795c840a97ff71e7f3221d3fddc98769a15a87b36131",
                "sha256:9a6b035aa2c5fcf3dbbf0e3a8a5bc75286fc2d4e6f9cfa738788b433ec894919",
                "sha256:9bdcff4b9051fb1aa4bba4fceff6a5f770c6be436408efd99b76fc827f2a9319",
                "sha256:a9017ff5fc2522e45562882ff481128631bf35da444775bc2776ac5c61d8bcae",
                "sha256:aa4230234d02e6f32f189fd40b59d5a968fe77e80f59c9c933384fe8ba535535",
                "sha256:ad80bb338cf9f8129c049837a42a43451fc7c8b57ad56f8e6d32e7697b115505",
                "sha256:adb94a28225005890d4cf73648b5131e885c7b4b17bc762779f061844aabcc11",
                "sha256:b3090631fecdf7e983d183d0fad7ea72cfb12fa9212461a9b708ff7907ffff47",
                "sha256:b33b51ab057f8a20b497ffafdb1e79256db0c03ef4f5e3d52e7497200e11f821",
                "sha256:b97c9a144bbeec7039cca44df117efcbeed7209543f5695201cacf05ba3b5857",
                "sha256:be13a18cec649ebaab835dff269e914679ef329204704869f2f167b2c163a9da",
                "sha256:be9768e56f92d1d7cd94185bab5856f3c5589a50d221c166cc2ad5eb134bd1dc",
                "sha256:c1580087ab493c6b43e66f2bdd165d9e3c1e86ef83f6c2c44a29f2869d2c5bd5",
                "sha256:c35872b2916ab5a240d52a94314c963476c989814ba9b519bc842e5b61b464bb",
                "sha256:c70c7dd733a4c56838d1f1781e769081a25fade879510c5b5f0df76956abfa05",
                "sha256:c767458511a59f6f597bfb0032a1c82a52c29ae228c2c0a6865cfeaeaac4c5f5",
                "sha256:c87df8ae3f01ffb4483c796fe1b15232ce2b219f0b18126948616224d3f658ee",
                "sha256:ca1c4a569232c063615f9e70ff9a1e2fee8c66a6fb5caf0f5e8b21a396deec3e",
                "sha256:cc407b68e0a874e7ece60f6639df46309376882152345508be94da608cc0b831",
                "sha256:da862b8f7de577bc421323714f63276acb2f759ab8c5e33335509f0b89e06b8f",
                "sha256:dfe7eac0d253915116ed0cd160a15a88981a1d194c1ef151e862a5c7d2f853d3",
                "sha256:ed1377feed808c9c1139bdb6a61bcbf030c236dd288d6fca71ac26906ab03ba6",
                "sha256:f42ad188466d946f1b3afc0a9e1a266ac8926461ee0786c06baac6bd71f8a6f3",
                "sha256:f92731609d6625e1cc26ff5757db4d32b6b810d2a3363b0ff94ff573e5901f6f"
            ],
            "markers": "python_version >= '3'",
            "version": "==1.1.0"
        },
        "importlib-metadata": {
            "hashes": [
                "sha256:079ada16b7fc30dfbb5d13399a5113110dab1aa7c2bc62f66af75f0b717c8cac",
                "sha256:9f55f560e116f8643ecf2922d9cd3e1c7e8d52e683178fecd9d08f6aa357e11e"
            ],
            "markers": "python_version < '3.8'",
            "version": "==4.6.1"
        },
        "jaconv": {
            "hashes": [
                "sha256:cc70c796c19a6765598c03eac59d1399a555a9a8839cc70e540ec26f0ec3e66e"
            ],
            "index": "pypi",
            "version": "==0.3"
        },
        "marisa-trie-m": {
            "hashes": [
                "sha256:0153bacc42175249e6df53dcdeb1301b76d1932748a85e55ff17b73f4356e4f7",
                "sha256:0a6c55b74795424b6d61eecabfca1a7337edd9d1c252de3786f52d15f00de162",
                "sha256:1910a58e5b0aafde74d2e3fb91d99b3eb091a7f8b268578c6a2187b3d4c4b747",
                "sha256:19e0110392e8be7aa46a9e7c7650867862ad650eff5d55364edba744a0e41b52",
                "sha256:2364af4ee525d435e8bd1b05fc94622b404ea81c738961583b2ab9437f4d2c47",
                "sha256:2545124ce2d9ca06a3277952f2a06c8b26022f1b38328cdfdfc97c67cd3747f6",
                "sha256:29e4ad775d18db51f3c0c9ce9b82eac6e1028e580b3a0425d30bb09a847f6c92",
                "sha256:2f9c68574f3324ac5e8f034153fc2c2ea00da2ea984144936182b4a1f018a726",
                "sha256:375772db0e40ddb68755808ec1878f618efdb5afdf1321f76ac68aab6fe8bcd8",
                "sha256:4ffbb12515131fc156b0655c7848c52fa782ba0b4e4a8c12315ef574e3d0ecf4",
                "sha256:5609b52c4badf5969be00c0e1f40eb2ea16ddaf0324e7530787c5d3a9b7960be",
                "sha256:57a9f72dd91361b63f20c672a4fd46091733bb4a75b1620bced8cff32c294f90",
                "sha256:5a1827d43b7e745924f70f982a5bd015c673a579b65337245a9f5d6e4f962e7d",
                "sha256:5ccaa29237cb4866cdbe65caf1bff1bf77b04662eac14cc68e62421d97883890",
                "sha256:60a1b51e30d2f1e25d9c26cfaf9352aa3ff5818d6464a73fcf4776fdcfda9136",
                "sha256:6be9e274133d4e2eccc0cf4ed1516510cdef0b8cb5558c9bf6569fa0a17703fa",
                "sha256:7cfb371f36b00c19d54a6e77ed860dfb4a6c0b1da25809e5cce508486b3d0b3e",
                "sha256:7d3bb338c4a4570947bffca1a489dfa3556352b9231159e3346f4a9bbe0b6b8a",
                "sha256:802bf7e9cb2e5c0c386fd7ede31b80d17cba2fef0e9b41191e129089a286e4eb",
                "sha256:8ff9844f1e21ad1536266eeabef52e1610666dea29cbce0dad15e53ccc0a0eb3",
                "sha256:91c048e964416dffed912374bfa63a51e184b1f9a9628687ddd5b81e94844217",
                "sha256:951142762088642238bb6f33f6cc18c7dc1e9747bddb1a88f49ee8e725a9cda2",
                "sha256:9571c05eb5fb937f286639d526c7e5e4907986d9bba5bed293e080888b1b7165",
                "sha256:9dbd0d1382d7d7231ac9468751c71cb98fd512c195ba9305fb189c0ca72a742f",
                "sha256:a2c78c564b0e7a4bf13c22b7d345d8d594d75de2f30e9ba3d2a6ee84f8c6cc1d",
                "sha256:a896af828d76ee3e8b25e0427de5fad50ec62f89c7f07c88fc1d05cbe25f8b3e",
                "sha256:b7a0a77e5fb80d393ba12031625664727087055a0e6f0c242473dc54b0a803fe",
                "sha256:b8029c73851a4a3a6e2a08cf2966844c660f1865159cd6d526bb86505a3637ec",
                "sha256:b9a7399680b2ee77957ec7b29aa7c2365926ab47eb50aa9b12a3b81c1483ac4d",
                "sha256:bad940225d29ead1226c65d5d7d79fed970b201dad9b4b2b918f6ca3c151ca8c",
                "sha256:bb0e582cb7e80ff3b0fe23c8ef6fbed274c843dea879af0907ec70c347baec20",
                "sha256:bb8866b7911f590f3ea3ab2a2f06209e9b467b23f4a4d02aa9970c5fbcda4a9f",
                "sha256:bc4e58c284ba60733a5be12fd9ac07a570e79681ae7437a7a073d0b711beeed5",
                "sha256:c36297908f5c574e20e1679eff326e20a01b8a52ea3807fdbc35040191691ace",
                "sha256:c5858536033da4da38939319fd6d24734c452edfff47800402f01cd3242cdcb6",
                "sha256:c8fd2602690f11a136202c308123ccfa95f1f7cbcf97fdf33f245903a884350e",
                "sha256:cae283eeb2c8790b0fad0b7878607a49b065701f65dda8a1aacf3b34501c736c",
                "sha256:cb3a1ae89da4b884af24b214e189ab39550d9a1aa2134a2efd2e0c946db9d304",
                "sha256:ce6c8dd876bfd4981910e26f0713125a0c9e24e923abb6b08130045c955221db",
                "sha256:d6f55b39534b92db5a9555b21df95c378545bf7ce30019ef25d179c58dcd6a49",
                "sha256:db4b50ef7891e7ea46d7d3b9a74011dd5620a87c361959f4c2f59e1540eba6b1",
                "sha256:df546dcfb3779d05920ec3aebb814d5c49607aa4d69a4627d0deed04490acd96",
                "sha256:fd604c5a4b1a1c2c9f47249de0f1fd75bf007a45f45699873741744e67dd8240",
                "sha256:fdb378375c1d694c49ab0b04ca03772619708356c6e1c90a7cef39aed95d5c50",
                "sha256:ffb8d4dcbf3e0c8f6a0ae890967d98eddb1639e99175ab29b3ef7ff0225e0f4d"
            ],
            "index": "pypi",
            "version": "==0.7.6"
        },
        "sqlalchemy": {
            "hashes": [
                "sha256:09dbb4bc01a734ccddbf188deb2a69aede4b3c153a72b6d5c6900be7fb2945b1",
                "sha256:12bac5fa1a6ea870bdccb96fe01610641dd44ebe001ed91ef7fcd980e9702db5",
                "sha256:1fdae7d980a2fa617d119d0dc13ecb5c23cc63a8b04ffcb5298f2c59d86851e9",
                "sha256:26daa429f039e29b1e523bf763bfab17490556b974c77b5ca7acb545b9230e9a",
                "sha256:36a089dc604032d41343d86290ce85d4e6886012eea73faa88001260abf5ff81",
                "sha256:39b5d36ab71f73c068cdcf70c38075511de73616e6c7fdd112d6268c2704d9f5",
                "sha256:4014978de28163cd8027434916a92d0f5bb1a3a38dff5e8bf8bff4d9372a9117",
                "sha256:44d23ea797a5e0be71bc5454b9ae99158ea0edc79e2393c6e9a2354de88329c0",
                "sha256:488608953385d6c127d2dcbc4b11f8d7f2f30b89f6bd27c01b042253d985cc2f",
                "sha256:5102b9face693e8b2db3b2539c7e1a5d9a5b4dc0d79967670626ffd2f710d6e6",
                "sha256:5908ea6c652a050d768580d01219c98c071e71910ab8e7b42c02af4010608397",
                "sha256:5d856cc50fd26fc8dd04892ed5a5a3d7eeb914fea2c2e484183e2d84c14926e0",
                "sha256:68393d3fd31469845b6ba11f5b4209edbea0b58506be0e077aafbf9aa2e21e11",
                "sha256:6a16c7c4452293da5143afa3056680db2d187b380b3ef4d470d4e29885720de3",
                "sha256:756f5d2f5b92d27450167247fb574b09c4cd192a3f8c2e493b3e518a204ee543",
                "sha256:891927a49b2363a4199763a9d436d97b0b42c65922a4ea09025600b81a00d17e",
                "sha256:9bfe882d5a1bbde0245dca0bd48da0976bd6634cf2041d2fdf0417c5463e40e5",
                "sha256:9fcbb4b4756b250ed19adc5e28c005b8ed56fdb5c21efa24c6822c0575b4964d",
                "sha256:a00d9c6d3a8afe1d1681cd8a5266d2f0ed684b0b44bada2ca82403b9e8b25d39",
                "sha256:a5e14cb0c0a4ac095395f24575a0e7ab5d1be27f5f9347f1762f21505e3ba9f1",
                "sha256:b48148ceedfb55f764562e04c00539bb9ea72bf07820ca15a594a9a049ff6b0e",
                "sha256:b7fb937c720847879c7402fe300cfdb2aeff22349fa4ea3651bca4e2d6555939",
                "sha256:bc34a007e604091ca3a4a057525efc4cefd2b7fe970f44d20b9cfa109ab1bddb",
                "sha256:c9373ef67a127799027091fa53449125351a8c943ddaa97bec4e99271dbb21f4",
                "sha256:d09a760b0a045b4d799102ae7965b5491ccf102123f14b2a8cc6c01d1021a2d9",
                "sha256:ec1be26cdccd60d180359a527d5980d959a26269a2c7b1b327a1eea0cab37ed8",
                "sha256:eedd76f135461cf237534a6dc0d1e0f6bb88a1dc193678fab48a11d223462da5",
                "sha256:f028ef6a1d828bc754852a022b2160e036202ac8658a6c7d34875aafd14a9a15",
                "sha256:f814d80844969b0d22ea63663da4de5ca1c434cfbae226188901e5d368792c17",
                "sha256:fd2102a8f8a659522719ed73865dff3d3cc76eb0833039dc473e0ad3041d04be"
            ],
            "index": "pypi",
            "version": "==1.4.22"
        },
        "typing-extensions": {
            "hashes": [
                "sha256:0ac0f89795dd19de6b97debb0c6af1c70987fd80a2d62d1958f7e56fcc31b497",
                "sha256:50b6f157849174217d0656f99dc82fe932884fb250826c18350e159ec6cdf342",
                "sha256:779383f6086d90c99ae41cf0ff39aac8a7937a9283ce0a414e5dd782f4c94a84"
            ],
            "markers": "python_version < '3.8'",
            "version": "==3.10.0.0"
        },
        "zipp": {
            "hashes": [
                "sha256:957cfda87797e389580cb8b9e3870841ca991e2125350677b2ca83a0e99390a3",
                "sha256:f5812b1e007e48cff63449a5e9f4e7ebea716b4111f9c4f9a645f91d579bf0c4"
            ],
            "markers": "python_version >= '3.6'",
            "version": "==3.5.0"
        }
    },
    "develop": {}
}
