{
    "_meta": {
        "hash": {
            "sha256": "5c1bec817a6d96f16da732e6b2eef574271644a6c568e4a3f0d9d809ea0ea189"
        },
        "pipfile-spec": 6,
        "requires": {},
        "sources": [
            {
                "name": "pypi",
                "url": "https://pypi.org/simple",
                "verify_ssl": true
            }
        ]
    },
    "default": {
        "alabaster": {
            "hashes": [
                "sha256:1ee19aca801bbabb5ba3f5f258e4422dfa86f82f3e9cefb0859b283cdd7f62a3",
                "sha256:a27a4a084d5e690e16e01e03ad2b2e552c61a65469419b907243193de1a84ae2"
            ],
            "version": "==0.7.13"
        },
        "babel": {
            "hashes": [
                "sha256:1ad3eca1c885218f6dce2ab67291178944f810a10a9b5f3cb8382a5a232b64fe",
                "sha256:5ef4b3226b0180dedded4229651c8b0e1a3a6a2837d45a073272f313e4cf97f6"
            ],
            "version": "==2.11.0"
        },
        "certifi": {
            "hashes": [
                "sha256:35824b4c3a97115964b408844d64aa14db1cc518f6562e8d7261699d1350a9e3",
                "sha256:4ad3232f5e926d6718ec31cfc1fcadfde020920e278684144551c91769c7bc18"
            ],
            "version": "==2022.12.7"
        },
        "charset-normalizer": {
            "hashes": [
                "sha256:00d3ffdaafe92a5dc603cb9bd5111aaa36dfa187c8285c543be562e61b755f6b",
                "sha256:024e606be3ed92216e2b6952ed859d86b4cfa52cd5bc5f050e7dc28f9b43ec42",
                "sha256:0298eafff88c99982a4cf66ba2efa1128e4ddaca0b05eec4c456bbc7db691d8d",
                "sha256:02a51034802cbf38db3f89c66fb5d2ec57e6fe7ef2f4a44d070a593c3688667b",
                "sha256:083c8d17153ecb403e5e1eb76a7ef4babfc2c48d58899c98fcaa04833e7a2f9a",
                "sha256:0a11e971ed097d24c534c037d298ad32c6ce81a45736d31e0ff0ad37ab437d59",
                "sha256:0bf2dae5291758b6f84cf923bfaa285632816007db0330002fa1de38bfcb7154",
                "sha256:0c0a590235ccd933d9892c627dec5bc7511ce6ad6c1011fdf5b11363022746c1",
                "sha256:0f438ae3532723fb6ead77e7c604be7c8374094ef4ee2c5e03a3a17f1fca256c",
                "sha256:109487860ef6a328f3eec66f2bf78b0b72400280d8f8ea05f69c51644ba6521a",
                "sha256:11b53acf2411c3b09e6af37e4b9005cba376c872503c8f28218c7243582df45d",
                "sha256:12db3b2c533c23ab812c2b25934f60383361f8a376ae272665f8e48b88e8e1c6",
                "sha256:14e76c0f23218b8f46c4d87018ca2e441535aed3632ca134b10239dfb6dadd6b",
                "sha256:16a8663d6e281208d78806dbe14ee9903715361cf81f6d4309944e4d1e59ac5b",
                "sha256:292d5e8ba896bbfd6334b096e34bffb56161c81408d6d036a7dfa6929cff8783",
                "sha256:2c03cc56021a4bd59be889c2b9257dae13bf55041a3372d3295416f86b295fb5",
                "sha256:2e396d70bc4ef5325b72b593a72c8979999aa52fb8bcf03f701c1b03e1166918",
                "sha256:2edb64ee7bf1ed524a1da60cdcd2e1f6e2b4f66ef7c077680739f1641f62f555",
                "sha256:31a9ddf4718d10ae04d9b18801bd776693487cbb57d74cc3458a7673f6f34639",
                "sha256:356541bf4381fa35856dafa6a965916e54bed415ad8a24ee6de6e37deccf2786",
                "sha256:358a7c4cb8ba9b46c453b1dd8d9e431452d5249072e4f56cfda3149f6ab1405e",
                "sha256:37f8febc8ec50c14f3ec9637505f28e58d4f66752207ea177c1d67df25da5aed",
                "sha256:39049da0ffb96c8cbb65cbf5c5f3ca3168990adf3551bd1dee10c48fce8ae820",
                "sha256:39cf9ed17fe3b1bc81f33c9ceb6ce67683ee7526e65fde1447c772afc54a1bb8",
                "sha256:3ae1de54a77dc0d6d5fcf623290af4266412a7c4be0b1ff7444394f03f5c54e3",
                "sha256:3b590df687e3c5ee0deef9fc8c547d81986d9a1b56073d82de008744452d6541",
                "sha256:3e45867f1f2ab0711d60c6c71746ac53537f1684baa699f4f668d4c6f6ce8e14",
                "sha256:3fc1c4a2ffd64890aebdb3f97e1278b0cc72579a08ca4de8cd2c04799a3a22be",
                "sha256:4457ea6774b5611f4bed5eaa5df55f70abde42364d498c5134b7ef4c6958e20e",
                "sha256:44ba614de5361b3e5278e1241fda3dc1838deed864b50a10d7ce92983797fa76",
                "sha256:4a8fcf28c05c1f6d7e177a9a46a1c52798bfe2ad80681d275b10dcf317deaf0b",
                "sha256:4b0d02d7102dd0f997580b51edc4cebcf2ab6397a7edf89f1c73b586c614272c",
                "sha256:502218f52498a36d6bf5ea77081844017bf7982cdbe521ad85e64cabee1b608b",
                "sha256:503e65837c71b875ecdd733877d852adbc465bd82c768a067badd953bf1bc5a3",
                "sha256:5995f0164fa7df59db4746112fec3f49c461dd6b31b841873443bdb077c13cfc",
                "sha256:59e5686dd847347e55dffcc191a96622f016bc0ad89105e24c14e0d6305acbc6",
                "sha256:601f36512f9e28f029d9481bdaf8e89e5148ac5d89cffd3b05cd533eeb423b59",
                "sha256:608862a7bf6957f2333fc54ab4399e405baad0163dc9f8d99cb236816db169d4",
                "sha256:62595ab75873d50d57323a91dd03e6966eb79c41fa834b7a1661ed043b2d404d",
                "sha256:70990b9c51340e4044cfc394a81f614f3f90d41397104d226f21e66de668730d",
                "sha256:71140351489970dfe5e60fc621ada3e0f41104a5eddaca47a7acb3c1b851d6d3",
                "sha256:72966d1b297c741541ca8cf1223ff262a6febe52481af742036a0b296e35fa5a",
                "sha256:74292fc76c905c0ef095fe11e188a32ebd03bc38f3f3e9bcb85e4e6db177b7ea",
                "sha256:761e8904c07ad053d285670f36dd94e1b6ab7f16ce62b9805c475b7aa1cffde6",
                "sha256:772b87914ff1152b92a197ef4ea40efe27a378606c39446ded52c8f80f79702e",
                "sha256:79909e27e8e4fcc9db4addea88aa63f6423ebb171db091fb4373e3312cb6d603",
                "sha256:7e189e2e1d3ed2f4aebabd2d5b0f931e883676e51c7624826e0a4e5fe8a0bf24",
                "sha256:7eb33a30d75562222b64f569c642ff3dc6689e09adda43a082208397f016c39a",
                "sha256:81d6741ab457d14fdedc215516665050f3822d3e56508921cc7239f8c8e66a58",
                "sha256:8499ca8f4502af841f68135133d8258f7b32a53a1d594aa98cc52013fff55678",
                "sha256:84c3990934bae40ea69a82034912ffe5a62c60bbf6ec5bc9691419641d7d5c9a",
                "sha256:87701167f2a5c930b403e9756fab1d31d4d4da52856143b609e30a1ce7160f3c",
                "sha256:88600c72ef7587fe1708fd242b385b6ed4b8904976d5da0893e31df8b3480cb6",
                "sha256:8ac7b6a045b814cf0c47f3623d21ebd88b3e8cf216a14790b455ea7ff0135d18",
                "sha256:8b8af03d2e37866d023ad0ddea594edefc31e827fee64f8de5611a1dbc373174",
                "sha256:8c7fe7afa480e3e82eed58e0ca89f751cd14d767638e2550c77a92a9e749c317",
                "sha256:8eade758719add78ec36dc13201483f8e9b5d940329285edcd5f70c0a9edbd7f",
                "sha256:911d8a40b2bef5b8bbae2e36a0b103f142ac53557ab421dc16ac4aafee6f53dc",
                "sha256:93ad6d87ac18e2a90b0fe89df7c65263b9a99a0eb98f0a3d2e079f12a0735837",
                "sha256:95dea361dd73757c6f1c0a1480ac499952c16ac83f7f5f4f84f0658a01b8ef41",
                "sha256:9ab77acb98eba3fd2a85cd160851816bfce6871d944d885febf012713f06659c",
                "sha256:9cb3032517f1627cc012dbc80a8ec976ae76d93ea2b5feaa9d2a5b8882597579",
                "sha256:9cf4e8ad252f7c38dd1f676b46514f92dc0ebeb0db5552f5f403509705e24753",
                "sha256:9d9153257a3f70d5f69edf2325357251ed20f772b12e593f3b3377b5f78e7ef8",
                "sha256:a152f5f33d64a6be73f1d30c9cc82dfc73cec6477ec268e7c6e4c7d23c2d2291",
                "sha256:a16418ecf1329f71df119e8a65f3aa68004a3f9383821edcb20f0702934d8087",
                "sha256:a60332922359f920193b1d4826953c507a877b523b2395ad7bc716ddd386d866",
                "sha256:a8d0fc946c784ff7f7c3742310cc8a57c5c6dc31631269876a88b809dbeff3d3",
                "sha256:ab5de034a886f616a5668aa5d098af2b5385ed70142090e2a31bcbd0af0fdb3d",
                "sha256:c22d3fe05ce11d3671297dc8973267daa0f938b93ec716e12e0f6dee81591dc1",
                "sha256:c2ac1b08635a8cd4e0cbeaf6f5e922085908d48eb05d44c5ae9eabab148512ca",
                "sha256:c512accbd6ff0270939b9ac214b84fb5ada5f0409c44298361b2f5e13f9aed9e",
                "sha256:c75ffc45f25324e68ab238cb4b5c0a38cd1c3d7f1fb1f72b5541de469e2247db",
                "sha256:c95a03c79bbe30eec3ec2b7f076074f4281526724c8685a42872974ef4d36b72",
                "sha256:cadaeaba78750d58d3cc6ac4d1fd867da6fc73c88156b7a3212a3cd4819d679d",
                "sha256:cd6056167405314a4dc3c173943f11249fa0f1b204f8b51ed4bde1a9cd1834dc",
                "sha256:db72b07027db150f468fbada4d85b3b2729a3db39178abf5c543b784c1254539",
                "sha256:df2c707231459e8a4028eabcd3cfc827befd635b3ef72eada84ab13b52e1574d",
                "sha256:e62164b50f84e20601c1ff8eb55620d2ad25fb81b59e3cd776a1902527a788af",
                "sha256:e696f0dd336161fca9adbb846875d40752e6eba585843c768935ba5c9960722b",
                "sha256:eaa379fcd227ca235d04152ca6704c7cb55564116f8bc52545ff357628e10602",
                "sha256:ebea339af930f8ca5d7a699b921106c6e29c617fe9606fa7baa043c1cdae326f",
                "sha256:f4c39b0e3eac288fedc2b43055cfc2ca7a60362d0e5e87a637beac5d801ef478",
                "sha256:f5057856d21e7586765171eac8b9fc3f7d44ef39425f85dbcccb13b3ebea806c",
                "sha256:f6f45710b4459401609ebebdbcfb34515da4fc2aa886f95107f556ac69a9147e",
                "sha256:f97e83fa6c25693c7a35de154681fcc257c1c41b38beb0304b9c4d2d9e164479",
                "sha256:f9d0c5c045a3ca9bedfc35dca8526798eb91a07aa7a2c0fee134c6c6f321cbd7",
                "sha256:ff6f3db31555657f3163b15a6b7c6938d08df7adbfc9dd13d9d19edad678f1e8"
            ],
            "version": "==3.0.1"
        },
        "click": {
            "hashes": [
                "sha256:7682dc8afb30297001674575ea00d1814d808d6a36af415a82bd481d37ba7b8e",
                "sha256:bb4d8133cb15a609f44e8213d9b391b0809795062913b383c62be0ee95b1db48"
            ],
            "version": "==8.1.3"
        },
        "deprecated": {
            "hashes": [
                "sha256:43ac5335da90c31c24ba028af536a91d41d53f9e6901ddb021bcc572ce44e38d",
                "sha256:64756e3e14c8c5eea9795d93c524551432a0be75629f8f29e67ab8caf076c76d"
            ],
            "index": "pypi",
            "version": "==1.2.13"
        },
        "docopt": {
            "hashes": [
                "sha256:49b3a825280bd66b3aa83585ef59c4a8c82f2c8a522dbe754a8bc8d08c85c491"
            ],
            "index": "pypi",
            "version": "==0.6.2"
        },
        "docutils": {
            "hashes": [
                "sha256:23010f129180089fbcd3bc08cfefccb3b890b0050e1ca00c867036e9d161b98c",
                "sha256:679987caf361a7539d76e584cbeddc311e3aee937877c87346f31debc63e9d06"
            ],
            "version": "==0.18.1"
        },
        "flask": {
            "hashes": [
                "sha256:642c450d19c4ad482f96729bd2a8f6d32554aa1e231f4f6b4e7e5264b16cca2b",
                "sha256:b9c46cc36662a7949f34b52d8ec7bb59c0d74ba08ba6cb9ce9adc1d8676d9526"
            ],
            "version": "==2.2.2"
        },
        "flask-cors": {
            "hashes": [
                "sha256:74efc975af1194fc7891ff5cd85b0f7478be4f7f59fe158102e91abb72bb4438",
                "sha256:b60839393f3b84a0f3746f6cdca56c1ad7426aa738b70d6c61375857823181de"
            ],
            "index": "pypi",
            "version": "==3.0.10"
        },
        "geographiclib": {
            "hashes": [
                "sha256:6b7225248e45ff7edcee32becc4e0a1504c606ac5ee163a5656d482e0cd38734",
                "sha256:f7f41c85dc3e1c2d3d935ec86660dc3b2c848c83e17f9a9e51ba9d5146a15859"
            ],
            "version": "==2.0"
        },
        "greenlet": {
            "hashes": [
                "sha256:03a8f4f3430c3b3ff8d10a2a86028c660355ab637cee9333d63d66b56f09d52a",
                "sha256:0bf60faf0bc2468089bdc5edd10555bab6e85152191df713e2ab1fcc86382b5a",
                "sha256:18a7f18b82b52ee85322d7a7874e676f34ab319b9f8cce5de06067384aa8ff43",
                "sha256:18e98fb3de7dba1c0a852731c3070cf022d14f0d68b4c87a19cc1016f3bb8b33",
                "sha256:1a819eef4b0e0b96bb0d98d797bef17dc1b4a10e8d7446be32d1da33e095dbb8",
                "sha256:26fbfce90728d82bc9e6c38ea4d038cba20b7faf8a0ca53a9c07b67318d46088",
                "sha256:2780572ec463d44c1d3ae850239508dbeb9fed38e294c68d19a24d925d9223ca",
                "sha256:283737e0da3f08bd637b5ad058507e578dd462db259f7f6e4c5c365ba4ee9343",
                "sha256:2d4686f195e32d36b4d7cf2d166857dbd0ee9f3d20ae349b6bf8afc8485b3645",
                "sha256:2dd11f291565a81d71dab10b7033395b7a3a5456e637cf997a6f33ebdf06f8db",
                "sha256:30bcf80dda7f15ac77ba5af2b961bdd9dbc77fd4ac6105cee85b0d0a5fcf74df",
                "sha256:32e5b64b148966d9cccc2c8d35a671409e45f195864560829f395a54226408d3",
                "sha256:36abbf031e1c0f79dd5d596bfaf8e921c41df2bdf54ee1eed921ce1f52999a86",
                "sha256:3a06ad5312349fec0ab944664b01d26f8d1f05009566339ac6f63f56589bc1a2",
                "sha256:3a51c9751078733d88e013587b108f1b7a1fb106d402fb390740f002b6f6551a",
                "sha256:3c9b12575734155d0c09d6c3e10dbd81665d5c18e1a7c6597df72fd05990c8cf",
                "sha256:3f6ea9bd35eb450837a3d80e77b517ea5bc56b4647f5502cd28de13675ee12f7",
                "sha256:4b58adb399c4d61d912c4c331984d60eb66565175cdf4a34792cd9600f21b394",
                "sha256:4d2e11331fc0c02b6e84b0d28ece3a36e0548ee1a1ce9ddde03752d9b79bba40",
                "sha256:5454276c07d27a740c5892f4907c86327b632127dd9abec42ee62e12427ff7e3",
                "sha256:561091a7be172ab497a3527602d467e2b3fbe75f9e783d8b8ce403fa414f71a6",
                "sha256:6c3acb79b0bfd4fe733dff8bc62695283b57949ebcca05ae5c129eb606ff2d74",
                "sha256:703f18f3fda276b9a916f0934d2fb6d989bf0b4fb5a64825260eb9bfd52d78f0",
                "sha256:7492e2b7bd7c9b9916388d9df23fa49d9b88ac0640db0a5b4ecc2b653bf451e3",
                "sha256:76ae285c8104046b3a7f06b42f29c7b73f77683df18c49ab5af7983994c2dd91",
                "sha256:7cafd1208fdbe93b67c7086876f061f660cfddc44f404279c1585bbf3cdc64c5",
                "sha256:7efde645ca1cc441d6dc4b48c0f7101e8d86b54c8530141b09fd31cef5149ec9",
                "sha256:88d9ab96491d38a5ab7c56dd7a3cc37d83336ecc564e4e8816dbed12e5aaefc8",
                "sha256:8eab883b3b2a38cc1e050819ef06a7e6344d4a990d24d45bc6f2cf959045a45b",
                "sha256:910841381caba4f744a44bf81bfd573c94e10b3045ee00de0cbf436fe50673a6",
                "sha256:9190f09060ea4debddd24665d6804b995a9c122ef5917ab26e1566dcc712ceeb",
                "sha256:937e9020b514ceedb9c830c55d5c9872abc90f4b5862f89c0887033ae33c6f73",
                "sha256:94c817e84245513926588caf1152e3b559ff794d505555211ca041f032abbb6b",
                "sha256:971ce5e14dc5e73715755d0ca2975ac88cfdaefcaab078a284fea6cfabf866df",
                "sha256:9d14b83fab60d5e8abe587d51c75b252bcc21683f24699ada8fb275d7712f5a9",
                "sha256:9f35ec95538f50292f6d8f2c9c9f8a3c6540bbfec21c9e5b4b751e0a7c20864f",
                "sha256:a1846f1b999e78e13837c93c778dcfc3365902cfb8d1bdb7dd73ead37059f0d0",
                "sha256:acd2162a36d3de67ee896c43effcd5ee3de247eb00354db411feb025aa319857",
                "sha256:b0ef99cdbe2b682b9ccbb964743a6aca37905fda5e0452e5ee239b1654d37f2a",
                "sha256:b80f600eddddce72320dbbc8e3784d16bd3fb7b517e82476d8da921f27d4b249",
                "sha256:b864ba53912b6c3ab6bcb2beb19f19edd01a6bfcbdfe1f37ddd1778abfe75a30",
                "sha256:b9ec052b06a0524f0e35bd8790686a1da006bd911dd1ef7d50b77bfbad74e292",
                "sha256:ba2956617f1c42598a308a84c6cf021a90ff3862eddafd20c3333d50f0edb45b",
                "sha256:bdfea8c661e80d3c1c99ad7c3ff74e6e87184895bbaca6ee8cc61209f8b9b85d",
                "sha256:be4ed120b52ae4d974aa40215fcdfde9194d63541c7ded40ee12eb4dda57b76b",
                "sha256:c4302695ad8027363e96311df24ee28978162cdcdd2006476c43970b384a244c",
                "sha256:c48f54ef8e05f04d6eff74b8233f6063cb1ed960243eacc474ee73a2ea8573ca",
                "sha256:c9c59a2120b55788e800d82dfa99b9e156ff8f2227f07c5e3012a45a399620b7",
                "sha256:cd021c754b162c0fb55ad5d6b9d960db667faad0fa2ff25bb6e1301b0b6e6a75",
                "sha256:d27ec7509b9c18b6d73f2f5ede2622441de812e7b1a80bbd446cb0633bd3d5ae",
                "sha256:d5508f0b173e6aa47273bdc0a0b5ba055b59662ba7c7ee5119528f466585526b",
                "sha256:d75209eed723105f9596807495d58d10b3470fa6732dd6756595e89925ce2470",
                "sha256:db1a39669102a1d8d12b57de2bb7e2ec9066a6f2b3da35ae511ff93b01b5d564",
                "sha256:dbfcfc0218093a19c252ca8eb9aee3d29cfdcb586df21049b9d777fd32c14fd9",
                "sha256:e0f72c9ddb8cd28532185f54cc1453f2c16fb417a08b53a855c4e6a418edd099",
                "sha256:e7c8dc13af7db097bed64a051d2dd49e9f0af495c26995c00a9ee842690d34c0",
                "sha256:ea9872c80c132f4663822dd2a08d404073a5a9b5ba6155bea72fb2a79d1093b5",
                "sha256:eff4eb9b7eb3e4d0cae3d28c283dc16d9bed6b193c2e1ace3ed86ce48ea8df19",
                "sha256:f82d4d717d8ef19188687aa32b8363e96062911e63ba22a0cff7802a8e58e5f1",
                "sha256:fc3a569657468b6f3fb60587e48356fe512c1754ca05a564f11366ac9e306526"
            ],
            "markers": "platform_machine == 'aarch64' or (platform_machine == 'ppc64le' or (platform_machine == 'x86_64' or (platform_machine == 'amd64' or (platform_machine == 'AMD64' or (platform_machine == 'win32' or platform_machine == 'WIN32')))))",
            "version": "==2.0.2"
        },
        "idna": {
            "hashes": [
                "sha256:814f528e8dead7d329833b91c5faa87d60bf71824cd12a7530b5526063d02cb4",
                "sha256:90b77e79eaa3eba6de819a0c442c0b4ceefc341a7a2ab77d7562bf49f425c5c2"
            ],
            "version": "==3.4"
        },
        "imagesize": {
            "hashes": [
                "sha256:0d8d18d08f840c19d0ee7ca1fd82490fdc3729b7ac93f49870406ddde8ef8d8b",
                "sha256:69150444affb9cb0d5cc5a92b3676f0b2fb7cd9ae39e947a5e11a36b4497cd4a"
            ],
            "version": "==1.4.1"
        },
        "importlib-metadata": {
            "hashes": [
                "sha256:7efb448ec9a5e313a57655d35aa54cd3e01b7e1fbcf72dce1bf06119420f5bad",
                "sha256:e354bedeb60efa6affdcc8ae121b73544a7aa74156d047311948f6d711cd378d"
            ],
            "markers": "python_version < '3.10'",
            "version": "==6.0.0"
        },
        "itsdangerous": {
            "hashes": [
                "sha256:2c2349112351b88699d8d4b6b075022c0808887cb7ad10069318a8b0bc88db44",
                "sha256:5dbbc68b317e5e42f327f9021763545dc3fc3bfe22e6deb96aaf1fc38874156a"
            ],
            "version": "==2.1.2"
        },
        "jaconv": {
            "hashes": [
                "sha256:2aff90c082ad9676a35ad7fa6da68e008789fe24a18b5e42389bd84802ad9cca"
            ],
            "index": "pypi",
            "version": "==0.3.3"
        },
        "jageocoder": {
            "editable": true,
            "path": "."
        },
        "jinja2": {
            "hashes": [
                "sha256:31351a702a408a9e7595a8fc6150fc3f43bb6bf7e319770cbc0db9df9437e852",
                "sha256:6088930bfe239f0e6710546ab9c19c9ef35e29792895fed6e6e31a023a182a61"
            ],
            "version": "==3.1.2"
        },
        "marisa-trie": {
            "hashes": [
                "sha256:0555104fe9f414abb12e967322a13df778b21958d1727470f4c8dedfde76a8f2",
                "sha256:07c14c88fde8a0ac55139f9fe763dc0deabc4b7950047719ae986ca62135e1fb",
                "sha256:08858920d0e09ca07d239252884fd72db2abb56c35ff463145ffc9c1277a4f34",
                "sha256:0ef2c4a5023bb6ddbaf1803187b7fb3108e9955aa9c60564504e5f622517c9e7",
                "sha256:1ae35c696f3c5b57c5fe4f73725102f3fe884bc658b854d484dfe6d7e72c86f5",
                "sha256:24e873619f61bef6a87c669ae459b79d98822270e8a10b21fc52dddf2acc9a46",
                "sha256:266bf4b6e00b4cff2b8618533919d38b883127f4e5c0af0e0bd78a042093dd99",
                "sha256:2f1cf9d5ead4471b149fdb93a1c84eddaa941d23e67b0782091adc222d198a87",
                "sha256:34189c321f30cefb76a6b20c7f055b3f6cd0bc8378c16ba8b7283fd898bf4ac2",
                "sha256:34f927f2738d0b402b76821895254e6a164d5020042559f7d910f6632829cdfa",
                "sha256:353113e811ccfa176fbb611b83671f0b3b40f46b3896b096c10e43f65d35916d",
                "sha256:396555d5f52dc86c65717052573fa2875e10f9e5dd014f825677beadcaec8248",
                "sha256:43abd082a21295b04859705b088d15acac8956587557680850e3149a79e36789",
                "sha256:45b0a38e015d0149141f028b8892ab518946b828c7931685199549294f5893ca",
                "sha256:49131e51aad530e4d47c716cef1bbef15a4e5b8f75bddfcdd7903f5043ef2331",
                "sha256:4ed76391b132c6261cfb402c1a08679e635d09a0a142dae2c1744d816f103c7f",
                "sha256:524c02f398d361aaf85d8f7709b5ac6de68d020c588fb6c087fb171137643c13",
                "sha256:55a5aea422a4c0c9ef143d3703323f2a43b4a5315fc90bbb6e9ff18544b8d931",
                "sha256:579d69981b18f427bd8e540199c4de400a2bd4ae98e96c814a12cbf766e7029b",
                "sha256:5c2a33ede2655f1a6fb840729128cb4bc48829108711f79b7a645b6c0c54b5c2",
                "sha256:5cf04156f38dc46f0f14423f98559c5def7d83f3a30f8a580c27ad3b0311ce76",
                "sha256:5f280f059be417cff81ac030db6a002f8a93093c7ca4555e570d43a24ed45514",
                "sha256:6412c816be723a0f11dd41225a30a08182cf2b3b7b3c882c44335003bde47003",
                "sha256:645908879ae8fcadfb51650fc176902b9e68eee9a8c4d4d8c682cf99ce3ff029",
                "sha256:66b13382be3c277f32143e6c814344118721c7954b2bfb57f5cfe93d17e63c9e",
                "sha256:68087942e95acb5801f2a5e9a874aa57af27a4afb52aca81fe1cbe22b2a2fd38",
                "sha256:6c1daaa8c38423fbd119db6654f92740d5ee40d1185a2bbc47afae6712b9ebfc",
                "sha256:6fcdb7f802db43857df3825c4c11acd14bb380deb961ff91e260950886531400",
                "sha256:71ed6286e9d593dac035b8516e7ec35a1b54a7d9c6451a9319e918a8ef722714",
                "sha256:7200cde8e2040811e98661a60463b296b76a6b224411f8899aa0850085e6af40",
                "sha256:73296b4d6d8ce2f6bc3898fe84348756beddb10cb56442391d050bff135e9c4c",
                "sha256:75317347f20bf05ab2ce5537a90989b1439b5e1752f558aad7b5d6b43194429b",
                "sha256:782c1515caa603656e15779bc61d5db3b079fa4270ad77f464908796e0d940aa",
                "sha256:80b22bdbebc3e6677e83db1352e4f6d478364107874c031a34a961437ead4e93",
                "sha256:82ba3caed5acfdff6a23d6881cc1927776b7320415261b6b24f48d0a190ab890",
                "sha256:84991b52a187d09b269c4caefc8b857a81156c44997eec7eac0e2862d108cc20",
                "sha256:891be5569cd6e3a059c2de53d63251aaaef513d68e8d2181f71378f9cb69e1ab",
                "sha256:8ccb3ba8a2a589b8a7aed693d564f20a6d3bbbb552975f904ba311cea6b85706",
                "sha256:9031184fe2215b591a6cdefe5d6d4901806fd7359e813c485a7ff25ea69d603c",
                "sha256:93172a7314d4d5993970dbafb746f23140d3abfa0d93cc174e766a302d125f7d",
                "sha256:a1b4d07158a3f9b4e84ee709a1fa86b9e11f3dd3b1e6fc45493195105a029545",
                "sha256:a432607bae139183c7251da7eb22f761440bc07d92eacc9e9f7dc0d87f70c495",
                "sha256:a537e0efff1ec880bc212390e97f1d35832a44bd78c96807ddb685d538875096",
                "sha256:a5bf2912810e135ce1e60a9b56a179ed62258306103bf5dd3186307f5c51b28f",
                "sha256:a891d2841da153b98c6c7fbe0a89ea8edbc164bdc96a001f360bdcdd54e2070d",
                "sha256:aee3de5f2836074cfd803f1caf16f68390f262ef09cd7dc7d0e8aee9b6878643",
                "sha256:bd86212d5037973deda057fc29d60e83dca05e68fa1e7ceaf014c513975c7a0d",
                "sha256:bfe649b02b6318bac572b86d9ddd8276c594411311f8e5ef2edc4bcd7285a06f",
                "sha256:c53b1d02f4974ecb52c6e8c6f4f1dbf3a15e79bc3861f4ad48b14e4e77c82342",
                "sha256:c8df5238c7b29498f4ee24fd3ee25e0129b3c56beaed1dd1628bce0ebac8ec8c",
                "sha256:c9ab632c5caef23a59cd43c76ab59e325f9eadd1e9c8b1c34005b9756ae716ee",
                "sha256:cc1c1dca06c0fdcca5bb261a09eca2b3bcf41eaeb467caf600ac68e77d3ed2c0",
                "sha256:d0d891f0138e5aecc9c5afb7b0a57c758e22c5b5c7c0edb0a1f21ae933259815",
                "sha256:d19f363b981fe9b4a302060a8088fd1f00906bc315db24f5d6726b5c309cc47e",
                "sha256:d37ea556bb99d9b0dfbe8fd6bdb17e91b91d04531be9e3b8b1b7b7f76ea55637",
                "sha256:d75b5d642b3d1e47a0ab649fb5eb6bf3681a5e1d3793c8ea7546586ab72731fd",
                "sha256:db2bdc480d83a1a566b3a64027f9fb34eae98bfe45788c41a45e99d430cbf48a",
                "sha256:e0d51c31fb41b6bc76c1abb7cf2d63a6e0ba7feffc96ea3d92b4d5084d71721a",
                "sha256:e6232506b4d66da932f70cf359a4c5ba9e086228ccd97b602159e90c6ea53dab",
                "sha256:f0359f392679774d1ff014f12efdf48da5d661e6241531ff55a3ae5a72a1137e",
                "sha256:f49a2cba047e643e5cd295d75de59f1df710c5e919cd376ac06ead513439881b",
                "sha256:f96531013252bca14f7665f67aa642be113b6c348ada5e167ebf8db27b1551b5",
                "sha256:fd7e71d8d85d04d2a5d23611663b2d322b60c98c2edab7e9ef9a2019f7435c5b"
            ],
            "version": "==0.7.8"
        },
        "markupsafe": {
            "hashes": [
                "sha256:0576fe974b40a400449768941d5d0858cc624e3249dfd1e0c33674e5c7ca7aed",
                "sha256:085fd3201e7b12809f9e6e9bc1e5c96a368c8523fad5afb02afe3c051ae4afcc",
                "sha256:090376d812fb6ac5f171e5938e82e7f2d7adc2b629101cec0db8b267815c85e2",
                "sha256:0b462104ba25f1ac006fdab8b6a01ebbfbce9ed37fd37fd4acd70c67c973e460",
                "sha256:137678c63c977754abe9086a3ec011e8fd985ab90631145dfb9294ad09c102a7",
                "sha256:1bea30e9bf331f3fef67e0a3877b2288593c98a21ccb2cf29b74c581a4eb3af0",
                "sha256:22152d00bf4a9c7c83960521fc558f55a1adbc0631fbb00a9471e097b19d72e1",
                "sha256:22731d79ed2eb25059ae3df1dfc9cb1546691cc41f4e3130fe6bfbc3ecbbecfa",
                "sha256:2298c859cfc5463f1b64bd55cb3e602528db6fa0f3cfd568d3605c50678f8f03",
                "sha256:28057e985dace2f478e042eaa15606c7efccb700797660629da387eb289b9323",
                "sha256:2e7821bffe00aa6bd07a23913b7f4e01328c3d5cc0b40b36c0bd81d362faeb65",
                "sha256:2ec4f2d48ae59bbb9d1f9d7efb9236ab81429a764dedca114f5fdabbc3788013",
                "sha256:340bea174e9761308703ae988e982005aedf427de816d1afe98147668cc03036",
                "sha256:40627dcf047dadb22cd25ea7ecfe9cbf3bbbad0482ee5920b582f3809c97654f",
                "sha256:40dfd3fefbef579ee058f139733ac336312663c6706d1163b82b3003fb1925c4",
                "sha256:4cf06cdc1dda95223e9d2d3c58d3b178aa5dacb35ee7e3bbac10e4e1faacb419",
                "sha256:50c42830a633fa0cf9e7d27664637532791bfc31c731a87b202d2d8ac40c3ea2",
                "sha256:55f44b440d491028addb3b88f72207d71eeebfb7b5dbf0643f7c023ae1fba619",
                "sha256:608e7073dfa9e38a85d38474c082d4281f4ce276ac0010224eaba11e929dd53a",
                "sha256:63ba06c9941e46fa389d389644e2d8225e0e3e5ebcc4ff1ea8506dce646f8c8a",
                "sha256:65608c35bfb8a76763f37036547f7adfd09270fbdbf96608be2bead319728fcd",
                "sha256:665a36ae6f8f20a4676b53224e33d456a6f5a72657d9c83c2aa00765072f31f7",
                "sha256:6d6607f98fcf17e534162f0709aaad3ab7a96032723d8ac8750ffe17ae5a0666",
                "sha256:7313ce6a199651c4ed9d7e4cfb4aa56fe923b1adf9af3b420ee14e6d9a73df65",
                "sha256:7668b52e102d0ed87cb082380a7e2e1e78737ddecdde129acadb0eccc5423859",
                "sha256:7df70907e00c970c60b9ef2938d894a9381f38e6b9db73c5be35e59d92e06625",
                "sha256:7e007132af78ea9df29495dbf7b5824cb71648d7133cf7848a2a5dd00d36f9ff",
                "sha256:835fb5e38fd89328e9c81067fd642b3593c33e1e17e2fdbf77f5676abb14a156",
                "sha256:8bca7e26c1dd751236cfb0c6c72d4ad61d986e9a41bbf76cb445f69488b2a2bd",
                "sha256:8db032bf0ce9022a8e41a22598eefc802314e81b879ae093f36ce9ddf39ab1ba",
                "sha256:99625a92da8229df6d44335e6fcc558a5037dd0a760e11d84be2260e6f37002f",
                "sha256:9cad97ab29dfc3f0249b483412c85c8ef4766d96cdf9dcf5a1e3caa3f3661cf1",
                "sha256:a4abaec6ca3ad8660690236d11bfe28dfd707778e2442b45addd2f086d6ef094",
                "sha256:a6e40afa7f45939ca356f348c8e23048e02cb109ced1eb8420961b2f40fb373a",
                "sha256:a6f2fcca746e8d5910e18782f976489939d54a91f9411c32051b4aab2bd7c513",
                "sha256:a806db027852538d2ad7555b203300173dd1b77ba116de92da9afbc3a3be3eed",
                "sha256:abcabc8c2b26036d62d4c746381a6f7cf60aafcc653198ad678306986b09450d",
                "sha256:b8526c6d437855442cdd3d87eede9c425c4445ea011ca38d937db299382e6fa3",
                "sha256:bb06feb762bade6bf3c8b844462274db0c76acc95c52abe8dbed28ae3d44a147",
                "sha256:c0a33bc9f02c2b17c3ea382f91b4db0e6cde90b63b296422a939886a7a80de1c",
                "sha256:c4a549890a45f57f1ebf99c067a4ad0cb423a05544accaf2b065246827ed9603",
                "sha256:ca244fa73f50a800cf8c3ebf7fd93149ec37f5cb9596aa8873ae2c1d23498601",
                "sha256:cf877ab4ed6e302ec1d04952ca358b381a882fbd9d1b07cccbfd61783561f98a",
                "sha256:d9d971ec1e79906046aa3ca266de79eac42f1dbf3612a05dc9368125952bd1a1",
                "sha256:da25303d91526aac3672ee6d49a2f3db2d9502a4a60b55519feb1a4c7714e07d",
                "sha256:e55e40ff0cc8cc5c07996915ad367fa47da6b3fc091fdadca7f5403239c5fec3",
                "sha256:f03a532d7dee1bed20bc4884194a16160a2de9ffc6354b3878ec9682bb623c54",
                "sha256:f1cd098434e83e656abf198f103a8207a8187c0fc110306691a2e94a78d0abb2",
                "sha256:f2bfb563d0211ce16b63c7cb9395d2c682a23187f54c3d79bfec33e6705473c6",
                "sha256:f8ffb705ffcf5ddd0e80b65ddf7bed7ee4f5a441ea7d3419e861a12eaf41af58"
            ],
            "version": "==2.1.2"
        },
        "packaging": {
            "hashes": [
                "sha256:714ac14496c3e68c99c29b00845f7a2b85f3bb6f1078fd9f72fd20f0570002b2",
                "sha256:b6ad297f8907de0fa2fe1ccbd26fdaf387f5f47c7275fedf8cce89f99446cf97"
            ],
            "version": "==23.0"
        },
        "pygments": {
            "hashes": [
                "sha256:b3ed06a9e8ac9a9aae5a6f5dbe78a8a58655d17b43b93c078f094ddc476ae297",
                "sha256:fa7bd7bd2771287c0de303af8bfdfc731f51bd2c6a47ab69d117138893b82717"
            ],
            "version": "==2.14.0"
        },
        "pytz": {
            "hashes": [
                "sha256:01a0681c4b9684a28304615eba55d1ab31ae00bf68ec157ec3708a8182dbbcd0",
                "sha256:78f4f37d8198e0627c5f1143240bb0206b8691d8d7ac6d78fee88b78733f8c4a"
            ],
            "version": "==2022.7.1"
        },
        "requests": {
            "hashes": [
                "sha256:64299f4909223da747622c030b781c0d7811e359c37124b4bd368fb8c6518baa",
                "sha256:98b1b2782e3c6c4904938b84c0eb932721069dfdb9134313beff7c83c2df24bf"
            ],
            "version": "==2.28.2"
        },
        "six": {
            "hashes": [
                "sha256:1e61c37477a1626458e36f7b1d82aa5c9b094fa4802892072e49de9c60c4c926",
                "sha256:8abb2f1d86890a2dfb989f9a77cfcfd3e47c2a354b01111771326f8aa26e0254"
            ],
            "version": "==1.16.0"
        },
        "snowballstemmer": {
            "hashes": [
                "sha256:09b16deb8547d3412ad7b590689584cd0fe25ec8db3be37788be3810cbf19cb1",
                "sha256:c8e1716e83cc398ae16824e5572ae04e0d9fc2c6b985fb0f900f5f0c96ecba1a"
            ],
            "version": "==2.2.0"
        },
        "sphinx": {
            "hashes": [
                "sha256:0dac3b698538ffef41716cf97ba26c1c7788dba73ce6f150c1ff5b4720786dd2",
                "sha256:807d1cb3d6be87eb78a381c3e70ebd8d346b9a25f3753e9947e866b2786865fc"
            ],
            "index": "pypi",
            "version": "==6.1.3"
        },
        "sphinx-rtd-theme": {
            "hashes": [
                "sha256:7cefacb52f64ba6a1bc622eecea8d83657b1c7c656971182c519666d9d2e73b5",
                "sha256:db741cffb78d8652e6ad65ac8ab58e8eb7e8303e6aa68f3516ee094d7e0ba9fa"
            ],
            "index": "pypi",
            "version": "==1.2.0rc4"
        },
        "sphinxcontrib-applehelp": {
            "hashes": [
                "sha256:29d341f67fb0f6f586b23ad80e072c8e6ad0b48417db2bde114a4c9746feb228",
                "sha256:828f867945bbe39817c210a1abfd1bc4895c8b73fcaade56d45357a348a07d7e"
            ],
            "version": "==1.0.4"
        },
        "sphinxcontrib-devhelp": {
            "hashes": [
                "sha256:8165223f9a335cc1af7ffe1ed31d2871f325254c0423bc0c4c7cd1c1e4734a2e",
                "sha256:ff7f1afa7b9642e7060379360a67e9c41e8f3121f2ce9164266f61b9f4b338e4"
            ],
            "version": "==1.0.2"
        },
        "sphinxcontrib-htmlhelp": {
            "hashes": [
                "sha256:0cbdd302815330058422b98a113195c9249825d681e18f11e8b1f78a2f11efff",
                "sha256:c38cb46dccf316c79de6e5515e1770414b797162b23cd3d06e67020e1d2a6903"
            ],
            "version": "==2.0.1"
        },
        "sphinxcontrib-jquery": {
            "hashes": [
                "sha256:8fb65f6dba84bf7bcd1aea1f02ab3955ac34611d838bcc95d4983b805b234daa",
                "sha256:ed47fa425c338ffebe3c37e1cdb56e30eb806116b85f01055b158c7057fdb995"
            ],
            "markers": "python_version > '3'",
            "version": "==2.0.0"
        },
        "sphinxcontrib-jsmath": {
            "hashes": [
                "sha256:2ec2eaebfb78f3f2078e73666b1415417a116cc848b72e5172e596c871103178",
                "sha256:a9925e4a4587247ed2191a22df5f6970656cb8ca2bd6284309578f2153e0c4b8"
            ],
            "version": "==1.0.1"
        },
        "sphinxcontrib-qthelp": {
            "hashes": [
                "sha256:4c33767ee058b70dba89a6fc5c1892c0d57a54be67ddd3e7875a18d14cba5a72",
                "sha256:bd9fc24bcb748a8d51fd4ecaade681350aa63009a347a8c14e637895444dfab6"
            ],
            "version": "==1.0.3"
        },
        "sphinxcontrib-serializinghtml": {
            "hashes": [
                "sha256:352a9a00ae864471d3a7ead8d7d79f5fc0b57e8b3f95e9867eb9eb28999b92fd",
                "sha256:aa5f6de5dfdf809ef505c4895e51ef5c9eac17d0f287933eb49ec495280b6952"
            ],
            "version": "==1.1.5"
        },
        "sqlalchemy": {
            "hashes": [
                "sha256:004459a78d376ab9c79ac1b613e0f0d44e88a105e4232357d0c7fa4c7b7e3a49",
                "sha256:0666025f44119bd18e1c5ceb536422356dc176d3230a13979ab2a7dd5d24b899",
                "sha256:0c6c556e01b0bbaea85ce030af4347e47fcb695c3254cfd480099ec1ed6ea609",
                "sha256:1a9d46844f4c88dc6cbfcabc6985beebd34661ef3b0e75c216a6428939fb3669",
                "sha256:27e8a5359c6227f3d665b1556169de840b375cf055c800a9bc27ed33f3c51e1b",
                "sha256:301f5fb0718e000d47db6ebcee64de91fa94865d7b59872258ba36e4eafbfe8f",
                "sha256:3381fa42e2b388abf448800cf550bbf174eff41f6c57b362077db142417d2922",
                "sha256:35765bf1ff823d05cf9c4eb18ba2db2290b2a2e2196d1a1d06d714ea55c1b997",
                "sha256:38ab55db6ce10c1ab2424d1dfed0add6e6afdeb1c65cec776ac6a01c1fb2f90a",
                "sha256:3b79ab1b7f5c39050daa03c100115efa2d8f996f14bc33cc9535cb60ca8357c4",
                "sha256:43482b8f0bed711b3769037e86c45619370bf529aee605975586fdd80ee770a0",
                "sha256:4b1f661cc378d61f495af49d8af83f779bb802046394e63ab1269b4180fceba0",
                "sha256:5e8baa4e421136a582f5d9d262ce568ce3eb413d3455650c34d674e5a9f092aa",
                "sha256:6282a712dbcfd86e3fee2e4c459c7337141f774450f60809fd0f0edebd07f37a",
                "sha256:8a3bd94c7d04fed688ba333bfb5a0106800112b9f623aed1e5b0b6466e8c5c66",
                "sha256:8f3e9b71425af186fa51ab0d6172ef81809eb0e9f89b035612a913f8a9b44e4b",
                "sha256:9a9205379388e57c486244e285d5d5c047ef9241bd4238e9469a4873b75d1e4a",
                "sha256:9e28dc39dd739f48d38486811f5a703673ed11e5968402fff835e60cbf379833",
                "sha256:abeb371ff47633c7d16b1e1e56e3d41a9b0ab34463c1726f22e1b68401d28cac",
                "sha256:b0323d65b4cd9408261026495a650566d62d056adeb848d1f1f8be0da38a1e0a",
                "sha256:b80ddc3bf6088ce83437cdfb2e32099b82a2819c409c85b782a84aa1143f8eda",
                "sha256:ba1ec69fa7abb23c2bc9fcd10b3386ea1f62f9d558b7f3a749988374e6cb6ee5",
                "sha256:bfac4cb8585d7c5b06567c754e999410eb12248f8ce2474dc2d9bc53be1fba0c",
                "sha256:c7892245a79d612e163d2ce72b1e77c863840f7453e9469f6dd3e6b9ded67739",
                "sha256:d561e44c0b480b7e74fa002bea949c9f5aff555724f4d10883391cbd8790c81b",
                "sha256:d8efcdfe08efd12ee91f5e858adb34a0a73071a95c09c47303a656a9bac3b93b",
                "sha256:e4d3cf5352f724237e27463de4bf19888235342af2efa37ef1cd391d8b702a16",
                "sha256:ebf6fe4cfd3b79f582b750b7ba69ba779d3fc7498818f8251dc6d38f5d5e206f",
                "sha256:edf1a0cfd9979a805ad0d725e436d6460a5b44afc7de0ffae3321a9d2afeff54",
                "sha256:f2acafb0ef17d591a13621581b5d1abddb3dd25f601f368173135922915f56cd",
                "sha256:f91a4d0815fa9d236380a27762f7bd1304631605b8e2aa75b6b7d03343fd8fe8"
            ],
            "index": "pypi",
            "version": "==2.0.2"
        },
        "typing-extensions": {
            "hashes": [
                "sha256:1511434bb92bf8dd198c12b1cc812e800d4181cfcb867674e0f8279cc93087aa",
                "sha256:16fa4864408f655d35ec496218b85f79b3437c829e93320c7c9215ccfd92489e"
            ],
            "version": "==4.4.0"
        },
        "urllib3": {
            "hashes": [
                "sha256:076907bf8fd355cde77728471316625a4d2f7e713c125f51953bb5b3eecf4f72",
                "sha256:75edcdc2f7d85b137124a6c3c9fc3933cdeaa12ecb9a6a959f22797a0feca7e1"
            ],
            "version": "==1.26.14"
        },
        "werkzeug": {
            "hashes": [
                "sha256:7ea2d48322cc7c0f8b3a215ed73eabd7b5d75d0b50e31ab006286ccff9e00b8f",
                "sha256:f979ab81f58d7318e064e99c4506445d60135ac5cd2e177a2de0089bfd4c9bd5"
            ],
            "version": "==2.2.2"
        },
        "wrapt": {
            "hashes": [
                "sha256:09fbbcfb17be9464c18f3e54457e4907a3913f836a691552ae1c967df4d6e4b4",
                "sha256:0d47527c5c8f9fa6d20fd72e87c39c1cad627f8c7f11b62af05e27ddcd443ba3",
                "sha256:107415c7367bf5489ab7b16f5348216a1a1c4ff8d5ec08612cf6f64321f9ad3c",
                "sha256:123de234ee3f528ae817a4be29f811b9ce25f9f48ed446fbd5adcf68b7abb869",
                "sha256:1b2975c345967fbbff2fa9ffc45c60c30de005e753b6c01135ba4fbb788d3f38",
                "sha256:21c1487e21979ba8a6a1d6e2e2d026bfeb57aebec0e25da2f7960938e99a9e8c",
                "sha256:25be3596f51338a6043c6679870d95eb0636e02bb1e6ccf63da61e8021e533d0",
                "sha256:26bc4fe48eb78cc6a1328b70fe720555b4d31321b060b69fc03a1f8296ee40de",
                "sha256:30201cbcfea303e345b3c83fb7217e34c46c87df897d3a6f9e0cb840cc0f81c9",
                "sha256:32960f2f9e5f53ff8c75ef9704d03114fc14c8f604a75323aa7b907f65bfcb6b",
                "sha256:338dd5c161be7c981f8afb597dac0f5d26e9310d66bbf612209fa29c21a7da33",
                "sha256:3a8981cbf86e0a004160cbd299af99cb251f93a49d58032bd7400b23f40839e5",
                "sha256:3cdfb26e3e9fec79e04af3e37b0576c12ee3cd5aa7ba3f041b92aa323fb7f997",
                "sha256:401a64a7cdfe4d00edcd6a36666e6fba0f61291f6bacf686baf918182f02cf2d",
                "sha256:42a271aac91a2c74ea6a6b869219cff14404e9362de05c4b83f65dfed7e9b12c",
                "sha256:44bd131dab4ed4d6221fa78277b6ccbcfa9b439629ffa930b1d1ddc38a88a224",
                "sha256:45d9589ff8649934c2106d57b85405777e9ce1278eaf0f0fec70f5e037d82c48",
                "sha256:485cdea587ccc1e8d483855e4e26ab4397b6455e2b416c1f8034ac0acd820da8",
                "sha256:49e9cb44795b512097f09d9df29e0d83d5f2a517a00eec47d886c0ded5be4496",
                "sha256:4c08d4c4698e3119408acfa48871ed210a9c40d566b0426eee0b2bd0bc638c0e",
                "sha256:4c74bf0a62faed5e40431fa846f278420d2356fe2a781b5f601946749f9ac914",
                "sha256:5053e18f970b38e2e8cb4f635bba79ef1a22d236795af73017b415e9a9aeba48",
                "sha256:50bfbb843e37e767634102eaf284def65a381061ca762f536c6b5a40e4aed4f4",
                "sha256:515ab064a2163a05a3b6460137dc4c28c091a58853ed4a0b48b100089a29cb55",
                "sha256:57ec643799932381502c3f0db4ef5de25bc10b0adc02b0de5fb2a61f23ca7562",
                "sha256:5951d10d4cac32454c0a65e83330f832db7c4208eee82a69cd7e9be06bbecb70",
                "sha256:59caed62ad5f7ce1a917e758e15bd2f0bfe2fd6817d0cf8c5e1a713203481669",
                "sha256:5ac1a93b98c131aabc145a8712e01ed0241c66cb5940fe69ba34c61d59d8b31a",
                "sha256:5cc4a8d20edb25b395c62e6932e5a1c8afe1aaf45bf2acd876ba683306f9dfa0",
                "sha256:5d972d3a48c199564e0659d62de4a39d123a547dc25eba548e97b42e4733c0a8",
                "sha256:5f3a8c55f27524c0426b07232dbfb7f2e0ba414dcb57ebc66054f0a170a0fc49",
                "sha256:62324e76ea16e5b0339de237edfc1df338442308c599ad3ca02a22e5b3d847db",
                "sha256:654160de93ee85253d426d9390a649bf2b91e3f79560410644664fd284bc2be8",
                "sha256:66938fd0469076f8fb1064b24778756b47d71348e5ca7bde5f3cec303ed90676",
                "sha256:67cad5aae1d0934b02f6a15fa6f181ef83e86d5d8dee2b26873ff57cdd4c0f4f",
                "sha256:698e03c02d501681939f8a4376afb5521ec04dcca9bfdc023cc968e457e50410",
                "sha256:6d03a9c18017976265d07e40236dd09278a387cdf3870487060ecf4f48ea5252",
                "sha256:72d9f2ff2fb3e5c2bfcf891152995b8589c5e735045fbbaae00bd776a6dc9a6b",
                "sha256:73942a75f7d8b78630076075848d303be3d68798f0462073639583616f0f65a0",
                "sha256:77cb6f9eae637b1d19b78738602317f788df1896b79f8d81b829d186ff8154c3",
                "sha256:7963d8049c452e9462e9ea9bc1a20aa31bda4ce667a39b38013e84ae1e6185b0",
                "sha256:79662ce899950115f33f657b1558a83f631b2a2f91d6fcfdd09a6cbe378cbd2f",
                "sha256:798bb2eb07988514ee3d213d8ab35e6677c86215190896970b1c407b84ce791a",
                "sha256:7afabb46692c9dc3053a526915a05ddbc41266082ee505c64fc5aa1fd8ccfdd9",
                "sha256:7bf51f7815f15d6655c67d32ceedc97787e88c41d1c9cfab19c5f54982d09c41",
                "sha256:81cf008c5ef139b63dac5df0035eb597bc0b5818d321219d41da2c1aa2fa8ce3",
                "sha256:88b8bfb2ce44d91789a566cd2be7083e0520208977322bf84ddd215fbee81b58",
                "sha256:8ee0105bca55eb430ef949eadea557915a183810f25f396e91b5587b7aff3348",
                "sha256:8f0a1f9d970d4af52c4b696022268b710e19f446423a59cf1d9c393b98c0d985",
                "sha256:93d95f9007cdcd2ab1c31761840434aff21bc75859110b28dd77a1016fa39202",
                "sha256:94f9d8cd233b0654c3c38b0855e872716a5b358203a42d41275acb09f3526f0a",
                "sha256:99011767b4b383706ac749d52b6e2b1f7335e45a72ba604465aa097cca61da3d",
                "sha256:9c025bbc3b29ca7d56cdbe8dd88e7c90a4caea59af1a236cc17222b114047342",
                "sha256:9da305a413ac7be48dbcc2eda0a6376235a9cd437a3eb106e67cca36f50f9c12",
                "sha256:9f74533bf0490662451e520450111548cd669440bb30f0400abe9e778789f5b9",
                "sha256:a7f4fbef92c3b507232c65b9504c1f23dd5faede097b55ac5ffa599ae775c6e8",
                "sha256:b51f96d1cd7a88baa373bbb39433d09326fd204c8bf95c2f53b81c530df688ef",
                "sha256:b53b375ef6028136856aca7c22126de55343035d60198d32d32a90e156be857a",
                "sha256:b86269bf2657876413a34c84fe205e853aa28ea84d7d044b6a58fd59f6c84e7c",
                "sha256:bb6182ff6760da884274150af7b7dd3b1a71b49e7c2daa1398e48929b453022a",
                "sha256:c47994d3ac60e235614235aef76fae1d41a2f882f5fbd62b6fde92f29d84d785",
                "sha256:c4e87511f8b06cfdf8555701abe64bd2bd0951d1c2a5e66f9ee652ea38edeb5c",
                "sha256:c588d8e582f07ae24133a4e12ff10e09789763a55acc2317760507492d0d482e",
                "sha256:c9239fef921d5503c1b4489861ecabe246f56791c0804b1afb6917ba0f328002",
                "sha256:d46da7b89f9b09c232528b395e9e27be7a73a2b70745eca2e4580f06fe622be4",
                "sha256:d79b8d62443414fd8790e5b3f89365161957b40e1275888f8e9390a778553bb9",
                "sha256:ddf53a1f0184a9d9bd72af31cbd639e48e5affc8cc473246a5fe2f89e7b01741",
                "sha256:e3855ef2ffebca0fb8a1e80bfde292bcb19cdd43c73b94b2b91c874cca1116b9",
                "sha256:e494137d27700a3a3b020c903d511f1f9fc7ecec406991266a023a756e61db2e",
                "sha256:e7e3ba93fdec4e044a98c955641dd4e978513854d4a9425fd19f15143bc6af02",
                "sha256:e8666f3b83285e84a081fc4260fd044f7ef06843691a3fa5e87432152ceeb7c3",
                "sha256:e999014967cf06782702c7308c3e7977035f548217743eba752b2f8e0b576ee9",
                "sha256:f50f3bb2ba9d914830ac351a6fce9fd3a5b8ff28124966941f0ea1a4789339a4",
                "sha256:f6c7af527e9757af49b0de3f9447a61ad3ebc0cedb8e2ecd900265f715944a16",
                "sha256:f6d36e191323cef8143915e0acc708fd222179311daec90a677f06270367fe8b"
            ],
            "version": "==1.15.0rc1"
        },
        "zipp": {
            "hashes": [
                "sha256:6c4fe274b8f85ec73c37a8e4e3fa00df9fb9335da96fb789e3b96b318e5097b3",
                "sha256:a3cac813d40993596b39ea9e93a18e8a2076d5c378b8bc88ec32ab264e04ad02"
            ],
            "version": "==3.12.1"
        }
    },
    "develop": {
        "autopep8": {
            "hashes": [
                "sha256:be5bc98c33515b67475420b7b1feafc8d32c1a69862498eda4983b45bffd2687",
                "sha256:d27a8929d8dcd21c0f4b3859d2d07c6c25273727b98afc984c039df0f0d86566"
            ],
            "index": "pypi",
            "version": "==2.0.1"
        },
        "flake8": {
            "hashes": [
                "sha256:3833794e27ff64ea4e9cf5d410082a8b97ff1a06c16aa3d2027339cd0f1195c7",
                "sha256:c61007e76655af75e6785a931f452915b371dc48f56efd765247c8fe68f2b181"
            ],
            "index": "pypi",
            "version": "==6.0.0"
        },
        "mccabe": {
            "hashes": [
                "sha256:348e0240c33b60bbdf4e523192ef919f28cb2c3d7d5c7794f74009290f236325",
                "sha256:6c2d30ab6be0e4a46919781807b4f0d834ebdd6c6e3dca0bda5a15f863427b6e"
            ],
            "version": "==0.7.0"
        },
        "pycodestyle": {
            "hashes": [
                "sha256:347187bdb476329d98f695c213d7295a846d1152ff4fe9bacb8a9590b8ee7053",
                "sha256:8a4eaf0d0495c7395bdab3589ac2db602797d76207242c17d470186815706610"
            ],
            "version": "==2.10.0"
        },
        "pyflakes": {
            "hashes": [
                "sha256:ec55bf7fe21fff7f1ad2f7da62363d749e2a470500eab1b555334b67aa1ef8cf",
                "sha256:ec8b276a6b60bd80defed25add7e439881c19e64850afd9b346283d4165fd0fd"
            ],
            "version": "==3.0.1"
        },
        "tomli": {
            "hashes": [
                "sha256:939de3e7a6161af0c887ef91b7d41a53e7c5a1ca976325f429cb46ea9bc30ecc",
                "sha256:de526c12914f0c550d15924c62d72abc48d6fe7364aa87328337a31007fe8a4f"
            ],
            "markers": "python_version < '3.11'",
            "version": "==2.0.1"
        }
    }
}
